// !$*UTF8*$!
{
	archiveVersion = 1;
	classes = {
	};
	objectVersion = 56;
	objects = {

/* Begin PBXBuildFile section */
		D2B2B5072C4D5E0B00AADF07 /* RxSwift_SwiftUIApp.swift in Sources */ = {isa = PBXBuildFile; fileRef = D2B2B5062C4D5E0B00AADF07 /* RxSwift_SwiftUIApp.swift */; };
		D2B2B5092C4D5E0B00AADF07 /* ContentView.swift in Sources */ = {isa = PBXBuildFile; fileRef = D2B2B5082C4D5E0B00AADF07 /* ContentView.swift */; };
		D2B2B50B2C4D5E0C00AADF07 /* Assets.xcassets in Resources */ = {isa = PBXBuildFile; fileRef = D2B2B50A2C4D5E0C00AADF07 /* Assets.xcassets */; };
		D2B2B50E2C4D5E0C00AADF07 /* Preview Assets.xcassets in Resources */ = {isa = PBXBuildFile; fileRef = D2B2B50D2C4D5E0C00AADF07 /* Preview Assets.xcassets */; };
		D2B2B5182C4D5E0C00AADF07 /* RxSwift_SwiftUITests.swift in Sources */ = {isa = PBXBuildFile; fileRef = D2B2B5172C4D5E0C00AADF07 /* RxSwift_SwiftUITests.swift */; };
		D2B2B5222C4D5E0C00AADF07 /* RxSwift_SwiftUIUITests.swift in Sources */ = {isa = PBXBuildFile; fileRef = D2B2B5212C4D5E0C00AADF07 /* RxSwift_SwiftUIUITests.swift */; };
		D2B2B5242C4D5E0C00AADF07 /* RxSwift_SwiftUIUITestsLaunchTests.swift in Sources */ = {isa = PBXBuildFile; fileRef = D2B2B5232C4D5E0C00AADF07 /* RxSwift_SwiftUIUITestsLaunchTests.swift */; };
/* End PBXBuildFile section */

/* Begin PBXContainerItemProxy section */
		D2B2B5142C4D5E0C00AADF07 /* PBXContainerItemProxy */ = {
			isa = PBXContainerItemProxy;
			containerPortal = D2B2B4FB2C4D5E0B00AADF07 /* Project object */;
			proxyType = 1;
			remoteGlobalIDString = D2B2B5022C4D5E0B00AADF07;
			remoteInfo = "RxSwift+SwiftUI";
		};
		D2B2B51E2C4D5E0C00AADF07 /* PBXContainerItemProxy */ = {
			isa = PBXContainerItemProxy;
			containerPortal = D2B2B4FB2C4D5E0B00AADF07 /* Project object */;
			proxyType = 1;
			remoteGlobalIDString = D2B2B5022C4D5E0B00AADF07;
			remoteInfo = "RxSwift+SwiftUI";
		};
/* End PBXContainerItemProxy section */

/* Begin PBXFileReference section */
		D2B2B5032C4D5E0B00AADF07 /* RxSwift+SwiftUI.app */ = {isa = PBXFileReference; explicitFileType = wrapper.application; includeInIndex = 0; path = "RxSwift+SwiftUI.app"; sourceTree = BUILT_PRODUCTS_DIR; };
		D2B2B5062C4D5E0B00AADF07 /* RxSwift_SwiftUIApp.swift */ = {isa = PBXFileReference; lastKnownFileType = sourcecode.swift; path = RxSwift_SwiftUIApp.swift; sourceTree = "<group>"; };
		D2B2B5082C4D5E0B00AADF07 /* ContentView.swift */ = {isa = PBXFileReference; lastKnownFileType = sourcecode.swift; path = ContentView.swift; sourceTree = "<group>"; };
		D2B2B50A2C4D5E0C00AADF07 /* Assets.xcassets */ = {isa = PBXFileReference; lastKnownFileType = folder.assetcatalog; path = Assets.xcassets; sourceTree = "<group>"; };
		D2B2B50D2C4D5E0C00AADF07 /* Preview Assets.xcassets */ = {isa = PBXFileReference; lastKnownFileType = folder.assetcatalog; path = "Preview Assets.xcassets"; sourceTree = "<group>"; };
		D2B2B5132C4D5E0C00AADF07 /* RxSwift+SwiftUITests.xctest */ = {isa = PBXFileReference; explicitFileType = wrapper.cfbundle; includeInIndex = 0; path = "RxSwift+SwiftUITests.xctest"; sourceTree = BUILT_PRODUCTS_DIR; };
		D2B2B5172C4D5E0C00AADF07 /* RxSwift_SwiftUITests.swift */ = {isa = PBXFileReference; lastKnownFileType = sourcecode.swift; path = RxSwift_SwiftUITests.swift; sourceTree = "<group>"; };
		D2B2B51D2C4D5E0C00AADF07 /* RxSwift+SwiftUIUITests.xctest */ = {isa = PBXFileReference; explicitFileType = wrapper.cfbundle; includeInIndex = 0; path = "RxSwift+SwiftUIUITests.xctest"; sourceTree = BUILT_PRODUCTS_DIR; };
		D2B2B5212C4D5E0C00AADF07 /* RxSwift_SwiftUIUITests.swift */ = {isa = PBXFileReference; lastKnownFileType = sourcecode.swift; path = RxSwift_SwiftUIUITests.swift; sourceTree = "<group>"; };
		D2B2B5232C4D5E0C00AADF07 /* RxSwift_SwiftUIUITestsLaunchTests.swift */ = {isa = PBXFileReference; lastKnownFileType = sourcecode.swift; path = RxSwift_SwiftUIUITestsLaunchTests.swift; sourceTree = "<group>"; };
/* End PBXFileReference section */

/* Begin PBXFrameworksBuildPhase section */
		D2B2B5002C4D5E0B00AADF07 /* Frameworks */ = {
			isa = PBXFrameworksBuildPhase;
			buildActionMask = 2147483647;
			files = (
			);
			runOnlyForDeploymentPostprocessing = 0;
		};
		D2B2B5102C4D5E0C00AADF07 /* Frameworks */ = {
			isa = PBXFrameworksBuildPhase;
			buildActionMask = 2147483647;
			files = (
			);
			runOnlyForDeploymentPostprocessing = 0;
		};
		D2B2B51A2C4D5E0C00AADF07 /* Frameworks */ = {
			isa = PBXFrameworksBuildPhase;
			buildActionMask = 2147483647;
			files = (
			);
			runOnlyForDeploymentPostprocessing = 0;
		};
/* End PBXFrameworksBuildPhase section */

/* Begin PBXGroup section */
		D2B2B4FA2C4D5E0B00AADF07 = {
			isa = PBXGroup;
			children = (
				D2B2B5052C4D5E0B00AADF07 /* RxSwift+SwiftUI */,
				D2B2B5162C4D5E0C00AADF07 /* RxSwift+SwiftUITests */,
				D2B2B5202C4D5E0C00AADF07 /* RxSwift+SwiftUIUITests */,
				D2B2B5042C4D5E0B00AADF07 /* Products */,
			);
			sourceTree = "<group>";
		};
		D2B2B5042C4D5E0B00AADF07 /* Products */ = {
			isa = PBXGroup;
			children = (
				D2B2B5032C4D5E0B00AADF07 /* RxSwift+SwiftUI.app */,
				D2B2B5132C4D5E0C00AADF07 /* RxSwift+SwiftUITests.xctest */,
				D2B2B51D2C4D5E0C00AADF07 /* RxSwift+SwiftUIUITests.xctest */,
			);
			name = Products;
			sourceTree = "<group>";
		};
		D2B2B5052C4D5E0B00AADF07 /* RxSwift+SwiftUI */ = {
			isa = PBXGroup;
			children = (
				D2B2B5062C4D5E0B00AADF07 /* RxSwift_SwiftUIApp.swift */,
				D2B2B5082C4D5E0B00AADF07 /* ContentView.swift */,
				D2B2B50A2C4D5E0C00AADF07 /* Assets.xcassets */,
				D2B2B50C2C4D5E0C00AADF07 /* Preview Content */,
			);
			path = "RxSwift+SwiftUI";
			sourceTree = "<group>";
		};
		D2B2B50C2C4D5E0C00AADF07 /* Preview Content */ = {
			isa = PBXGroup;
			children = (
				D2B2B50D2C4D5E0C00AADF07 /* Preview Assets.xcassets */,
			);
			path = "Preview Content";
			sourceTree = "<group>";
		};
		D2B2B5162C4D5E0C00AADF07 /* RxSwift+SwiftUITests */ = {
			isa = PBXGroup;
			children = (
				D2B2B5172C4D5E0C00AADF07 /* RxSwift_SwiftUITests.swift */,
			);
			path = "RxSwift+SwiftUITests";
			sourceTree = "<group>";
		};
		D2B2B5202C4D5E0C00AADF07 /* RxSwift+SwiftUIUITests */ = {
			isa = PBXGroup;
			children = (
				D2B2B5212C4D5E0C00AADF07 /* RxSwift_SwiftUIUITests.swift */,
				D2B2B5232C4D5E0C00AADF07 /* RxSwift_SwiftUIUITestsLaunchTests.swift */,
			);
			path = "RxSwift+SwiftUIUITests";
			sourceTree = "<group>";
		};
/* End PBXGroup section */

/* Begin PBXNativeTarget section */
		D2B2B5022C4D5E0B00AADF07 /* RxSwift+SwiftUI */ = {
			isa = PBXNativeTarget;
			buildConfigurationList = D2B2B5272C4D5E0C00AADF07 /* Build configuration list for PBXNativeTarget "RxSwift+SwiftUI" */;
			buildPhases = (
				D2B2B4FF2C4D5E0B00AADF07 /* Sources */,
				D2B2B5002C4D5E0B00AADF07 /* Frameworks */,
				D2B2B5012C4D5E0B00AADF07 /* Resources */,
			);
			buildRules = (
			);
			dependencies = (
			);
			name = "RxSwift+SwiftUI";
			productName = "RxSwift+SwiftUI";
			productReference = D2B2B5032C4D5E0B00AADF07 /* RxSwift+SwiftUI.app */;
			productType = "com.apple.product-type.application";
		};
		D2B2B5122C4D5E0C00AADF07 /* RxSwift+SwiftUITests */ = {
			isa = PBXNativeTarget;
			buildConfigurationList = D2B2B52A2C4D5E0C00AADF07 /* Build configuration list for PBXNativeTarget "RxSwift+SwiftUITests" */;
			buildPhases = (
				D2B2B50F2C4D5E0C00AADF07 /* Sources */,
				D2B2B5102C4D5E0C00AADF07 /* Frameworks */,
				D2B2B5112C4D5E0C00AADF07 /* Resources */,
			);
			buildRules = (
			);
			dependencies = (
				D2B2B5152C4D5E0C00AADF07 /* PBXTargetDependency */,
			);
			name = "RxSwift+SwiftUITests";
			productName = "RxSwift+SwiftUITests";
			productReference = D2B2B5132C4D5E0C00AADF07 /* RxSwift+SwiftUITests.xctest */;
			productType = "com.apple.product-type.bundle.unit-test";
		};
		D2B2B51C2C4D5E0C00AADF07 /* RxSwift+SwiftUIUITests */ = {
			isa = PBXNativeTarget;
			buildConfigurationList = D2B2B52D2C4D5E0C00AADF07 /* Build configuration list for PBXNativeTarget "RxSwift+SwiftUIUITests" */;
			buildPhases = (
				D2B2B5192C4D5E0C00AADF07 /* Sources */,
				D2B2B51A2C4D5E0C00AADF07 /* Frameworks */,
				D2B2B51B2C4D5E0C00AADF07 /* Resources */,
			);
			buildRules = (
			);
			dependencies = (
				D2B2B51F2C4D5E0C00AADF07 /* PBXTargetDependency */,
			);
			name = "RxSwift+SwiftUIUITests";
			productName = "RxSwift+SwiftUIUITests";
			productReference = D2B2B51D2C4D5E0C00AADF07 /* RxSwift+SwiftUIUITests.xctest */;
			productType = "com.apple.product-type.bundle.ui-testing";
		};
/* End PBXNativeTarget section */

/* Begin PBXProject section */
		D2B2B4FB2C4D5E0B00AADF07 /* Project object */ = {
			isa = PBXProject;
			attributes = {
				BuildIndependentTargetsInParallel = 1;
				LastSwiftUpdateCheck = 1540;
				LastUpgradeCheck = 1540;
				TargetAttributes = {
					D2B2B5022C4D5E0B00AADF07 = {
						CreatedOnToolsVersion = 15.4;
					};
					D2B2B5122C4D5E0C00AADF07 = {
						CreatedOnToolsVersion = 15.4;
						TestTargetID = D2B2B5022C4D5E0B00AADF07;
					};
					D2B2B51C2C4D5E0C00AADF07 = {
						CreatedOnToolsVersion = 15.4;
						TestTargetID = D2B2B5022C4D5E0B00AADF07;
					};
				};
			};
			buildConfigurationList = D2B2B4FE2C4D5E0B00AADF07 /* Build configuration list for PBXProject "RxSwift+SwiftUI" */;
			compatibilityVersion = "Xcode 14.0";
			developmentRegion = en;
			hasScannedForEncodings = 0;
			knownRegions = (
				en,
				Base,
			);
			mainGroup = D2B2B4FA2C4D5E0B00AADF07;
			productRefGroup = D2B2B5042C4D5E0B00AADF07 /* Products */;
			projectDirPath = "";
			projectRoot = "";
			targets = (
				D2B2B5022C4D5E0B00AADF07 /* RxSwift+SwiftUI */,
				D2B2B5122C4D5E0C00AADF07 /* RxSwift+SwiftUITests */,
				D2B2B51C2C4D5E0C00AADF07 /* RxSwift+SwiftUIUITests */,
			);
		};
/* End PBXProject section */

/* Begin PBXResourcesBuildPhase section */
		D2B2B5012C4D5E0B00AADF07 /* Resources */ = {
			isa = PBXResourcesBuildPhase;
			buildActionMask = 2147483647;
			files = (
				D2B2B50E2C4D5E0C00AADF07 /* Preview Assets.xcassets in Resources */,
				D2B2B50B2C4D5E0C00AADF07 /* Assets.xcassets in Resources */,
			);
			runOnlyForDeploymentPostprocessing = 0;
		};
		D2B2B5112C4D5E0C00AADF07 /* Resources */ = {
			isa = PBXResourcesBuildPhase;
			buildActionMask = 2147483647;
			files = (
			);
			runOnlyForDeploymentPostprocessing = 0;
		};
		D2B2B51B2C4D5E0C00AADF07 /* Resources */ = {
			isa = PBXResourcesBuildPhase;
			buildActionMask = 2147483647;
			files = (
			);
			runOnlyForDeploymentPostprocessing = 0;
		};
/* End PBXResourcesBuildPhase section */

/* Begin PBXSourcesBuildPhase section */
		D2B2B4FF2C4D5E0B00AADF07 /* Sources */ = {
			isa = PBXSourcesBuildPhase;
			buildActionMask = 2147483647;
			files = (
				D2B2B5092C4D5E0B00AADF07 /* ContentView.swift in Sources */,
				D2B2B5072C4D5E0B00AADF07 /* RxSwift_SwiftUIApp.swift in Sources */,
			);
			runOnlyForDeploymentPostprocessing = 0;
		};
		D2B2B50F2C4D5E0C00AADF07 /* Sources */ = {
			isa = PBXSourcesBuildPhase;
			buildActionMask = 2147483647;
			files = (
				D2B2B5182C4D5E0C00AADF07 /* RxSwift_SwiftUITests.swift in Sources */,
			);
			runOnlyForDeploymentPostprocessing = 0;
		};
		D2B2B5192C4D5E0C00AADF07 /* Sources */ = {
			isa = PBXSourcesBuildPhase;
			buildActionMask = 2147483647;
			files = (
				D2B2B5242C4D5E0C00AADF07 /* RxSwift_SwiftUIUITestsLaunchTests.swift in Sources */,
				D2B2B5222C4D5E0C00AADF07 /* RxSwift_SwiftUIUITests.swift in Sources */,
			);
			runOnlyForDeploymentPostprocessing = 0;
		};
/* End PBXSourcesBuildPhase section */

/* Begin PBXTargetDependency section */
		D2B2B5152C4D5E0C00AADF07 /* PBXTargetDependency */ = {
			isa = PBXTargetDependency;
			target = D2B2B5022C4D5E0B00AADF07 /* RxSwift+SwiftUI */;
			targetProxy = D2B2B5142C4D5E0C00AADF07 /* PBXContainerItemProxy */;
		};
		D2B2B51F2C4D5E0C00AADF07 /* PBXTargetDependency */ = {
			isa = PBXTargetDependency;
			target = D2B2B5022C4D5E0B00AADF07 /* RxSwift+SwiftUI */;
			targetProxy = D2B2B51E2C4D5E0C00AADF07 /* PBXContainerItemProxy */;
		};
/* End PBXTargetDependency section */

/* Begin XCBuildConfiguration section */
		D2B2B5252C4D5E0C00AADF07 /* Debug */ = {
			isa = XCBuildConfiguration;
			buildSettings = {
				ALWAYS_SEARCH_USER_PATHS = NO;
				ASSETCATALOG_COMPILER_GENERATE_SWIFT_ASSET_SYMBOL_EXTENSIONS = YES;
				CLANG_ANALYZER_NONNULL = YES;
				CLANG_ANALYZER_NUMBER_OBJECT_CONVERSION = YES_AGGRESSIVE;
				CLANG_CXX_LANGUAGE_STANDARD = "gnu++20";
				CLANG_ENABLE_MODULES = YES;
				CLANG_ENABLE_OBJC_ARC = YES;
				CLANG_ENABLE_OBJC_WEAK = YES;
				CLANG_WARN_BLOCK_CAPTURE_AUTORELEASING = YES;
				CLANG_WARN_BOOL_CONVERSION = YES;
				CLANG_WARN_COMMA = YES;
				CLANG_WARN_CONSTANT_CONVERSION = YES;
				CLANG_WARN_DEPRECATED_OBJC_IMPLEMENTATIONS = YES;
				CLANG_WARN_DIRECT_OBJC_ISA_USAGE = YES_ERROR;
				CLANG_WARN_DOCUMENTATION_COMMENTS = YES;
				CLANG_WARN_EMPTY_BODY = YES;
				CLANG_WARN_ENUM_CONVERSION = YES;
				CLANG_WARN_INFINITE_RECURSION = YES;
				CLANG_WARN_INT_CONVERSION = YES;
				CLANG_WARN_NON_LITERAL_NULL_CONVERSION = YES;
				CLANG_WARN_OBJC_IMPLICIT_RETAIN_SELF = YES;
				CLANG_WARN_OBJC_LITERAL_CONVERSION = YES;
				CLANG_WARN_OBJC_ROOT_CLASS = YES_ERROR;
				CLANG_WARN_QUOTED_INCLUDE_IN_FRAMEWORK_HEADER = YES;
				CLANG_WARN_RANGE_LOOP_ANALYSIS = YES;
				CLANG_WARN_STRICT_PROTOTYPES = YES;
				CLANG_WARN_SUSPICIOUS_MOVE = YES;
				CLANG_WARN_UNGUARDED_AVAILABILITY = YES_AGGRESSIVE;
				CLANG_WARN_UNREACHABLE_CODE = YES;
				CLANG_WARN__DUPLICATE_METHOD_MATCH = YES;
				COPY_PHASE_STRIP = NO;
				DEBUG_INFORMATION_FORMAT = dwarf;
				ENABLE_STRICT_OBJC_MSGSEND = YES;
				ENABLE_TESTABILITY = YES;
				ENABLE_USER_SCRIPT_SANDBOXING = YES;
				GCC_C_LANGUAGE_STANDARD = gnu17;
				GCC_DYNAMIC_NO_PIC = NO;
				GCC_NO_COMMON_BLOCKS = YES;
				GCC_OPTIMIZATION_LEVEL = 0;
				GCC_PREPROCESSOR_DEFINITIONS = (
					"DEBUG=1",
					"$(inherited)",
				);
				GCC_WARN_64_TO_32_BIT_CONVERSION = YES;
				GCC_WARN_ABOUT_RETURN_TYPE = YES_ERROR;
				GCC_WARN_UNDECLARED_SELECTOR = YES;
				GCC_WARN_UNINITIALIZED_AUTOS = YES_AGGRESSIVE;
				GCC_WARN_UNUSED_FUNCTION = YES;
				GCC_WARN_UNUSED_VARIABLE = YES;
				IPHONEOS_DEPLOYMENT_TARGET = 17.5;
				LOCALIZATION_PREFERS_STRING_CATALOGS = YES;
				MTL_ENABLE_DEBUG_INFO = INCLUDE_SOURCE;
				MTL_FAST_MATH = YES;
				ONLY_ACTIVE_ARCH = YES;
				SDKROOT = iphoneos;
				SWIFT_ACTIVE_COMPILATION_CONDITIONS = "DEBUG $(inherited)";
				SWIFT_OPTIMIZATION_LEVEL = "-Onone";
			};
			name = Debug;
		};
		D2B2B5262C4D5E0C00AADF07 /* Release */ = {
			isa = XCBuildConfiguration;
			buildSettings = {
				ALWAYS_SEARCH_USER_PATHS = NO;
				ASSETCATALOG_COMPILER_GENERATE_SWIFT_ASSET_SYMBOL_EXTENSIONS = YES;
				CLANG_ANALYZER_NONNULL = YES;
				CLANG_ANALYZER_NUMBER_OBJECT_CONVERSION = YES_AGGRESSIVE;
				CLANG_CXX_LANGUAGE_STANDARD = "gnu++20";
				CLANG_ENABLE_MODULES = YES;
				CLANG_ENABLE_OBJC_ARC = YES;
				CLANG_ENABLE_OBJC_WEAK = YES;
				CLANG_WARN_BLOCK_CAPTURE_AUTORELEASING = YES;
				CLANG_WARN_BOOL_CONVERSION = YES;
				CLANG_WARN_COMMA = YES;
				CLANG_WARN_CONSTANT_CONVERSION = YES;
				CLANG_WARN_DEPRECATED_OBJC_IMPLEMENTATIONS = YES;
				CLANG_WARN_DIRECT_OBJC_ISA_USAGE = YES_ERROR;
				CLANG_WARN_DOCUMENTATION_COMMENTS = YES;
				CLANG_WARN_EMPTY_BODY = YES;
				CLANG_WARN_ENUM_CONVERSION = YES;
				CLANG_WARN_INFINITE_RECURSION = YES;
				CLANG_WARN_INT_CONVERSION = YES;
				CLANG_WARN_NON_LITERAL_NULL_CONVERSION = YES;
				CLANG_WARN_OBJC_IMPLICIT_RETAIN_SELF = YES;
				CLANG_WARN_OBJC_LITERAL_CONVERSION = YES;
				CLANG_WARN_OBJC_ROOT_CLASS = YES_ERROR;
				CLANG_WARN_QUOTED_INCLUDE_IN_FRAMEWORK_HEADER = YES;
				CLANG_WARN_RANGE_LOOP_ANALYSIS = YES;
				CLANG_WARN_STRICT_PROTOTYPES = YES;
				CLANG_WARN_SUSPICIOUS_MOVE = YES;
				CLANG_WARN_UNGUARDED_AVAILABILITY = YES_AGGRESSIVE;
				CLANG_WARN_UNREACHABLE_CODE = YES;
				CLANG_WARN__DUPLICATE_METHOD_MATCH = YES;
				COPY_PHASE_STRIP = NO;
				DEBUG_INFORMATION_FORMAT = "dwarf-with-dsym";
				ENABLE_NS_ASSERTIONS = NO;
				ENABLE_STRICT_OBJC_MSGSEND = YES;
				ENABLE_USER_SCRIPT_SANDBOXING = YES;
				GCC_C_LANGUAGE_STANDARD = gnu17;
				GCC_NO_COMMON_BLOCKS = YES;
				GCC_WARN_64_TO_32_BIT_CONVERSION = YES;
				GCC_WARN_ABOUT_RETURN_TYPE = YES_ERROR;
				GCC_WARN_UNDECLARED_SELECTOR = YES;
				GCC_WARN_UNINITIALIZED_AUTOS = YES_AGGRESSIVE;
				GCC_WARN_UNUSED_FUNCTION = YES;
				GCC_WARN_UNUSED_VARIABLE = YES;
				IPHONEOS_DEPLOYMENT_TARGET = 17.5;
				LOCALIZATION_PREFERS_STRING_CATALOGS = YES;
				MTL_ENABLE_DEBUG_INFO = NO;
				MTL_FAST_MATH = YES;
				SDKROOT = iphoneos;
				SWIFT_COMPILATION_MODE = wholemodule;
				VALIDATE_PRODUCT = YES;
			};
			name = Release;
		};
		D2B2B5282C4D5E0C00AADF07 /* Debug */ = {
			isa = XCBuildConfiguration;
			buildSettings = {
				ASSETCATALOG_COMPILER_APPICON_NAME = AppIcon;
				ASSETCATALOG_COMPILER_GLOBAL_ACCENT_COLOR_NAME = AccentColor;
				CODE_SIGN_STYLE = Automatic;
				CURRENT_PROJECT_VERSION = 1;
				DEVELOPMENT_ASSET_PATHS = "\"RxSwift+SwiftUI/Preview Content\"";
				DEVELOPMENT_TEAM = CXMN9KCTRT;
				ENABLE_PREVIEWS = YES;
				GENERATE_INFOPLIST_FILE = YES;
				INFOPLIST_KEY_UIApplicationSceneManifest_Generation = YES;
				INFOPLIST_KEY_UIApplicationSupportsIndirectInputEvents = YES;
				INFOPLIST_KEY_UILaunchScreen_Generation = YES;
				INFOPLIST_KEY_UISupportedInterfaceOrientations_iPad = "UIInterfaceOrientationPortrait UIInterfaceOrientationPortraitUpsideDown UIInterfaceOrientationLandscapeLeft UIInterfaceOrientationLandscapeRight";
				INFOPLIST_KEY_UISupportedInterfaceOrientations_iPhone = "UIInterfaceOrientationPortrait UIInterfaceOrientationLandscapeLeft UIInterfaceOrientationLandscapeRight";
				LD_RUNPATH_SEARCH_PATHS = (
					"$(inherited)",
					"@executable_path/Frameworks",
				);
				MARKETING_VERSION = 1.0;
				PRODUCT_BUNDLE_IDENTIFIER = "com.scotteg.RxSwift-SwiftUI";
				PRODUCT_NAME = "$(TARGET_NAME)";
				SWIFT_EMIT_LOC_STRINGS = YES;
				SWIFT_VERSION = 5.0;
				TARGETED_DEVICE_FAMILY = "1,2";
			};
			name = Debug;
		};
		D2B2B5292C4D5E0C00AADF07 /* Release */ = {
			isa = XCBuildConfiguration;
			buildSettings = {
				ASSETCATALOG_COMPILER_APPICON_NAME = AppIcon;
				ASSETCATALOG_COMPILER_GLOBAL_ACCENT_COLOR_NAME = AccentColor;
				CODE_SIGN_STYLE = Automatic;
				CURRENT_PROJECT_VERSION = 1;
				DEVELOPMENT_ASSET_PATHS = "\"RxSwift+SwiftUI/Preview Content\"";
				DEVELOPMENT_TEAM = CXMN9KCTRT;
				ENABLE_PREVIEWS = YES;
				GENERATE_INFOPLIST_FILE = YES;
				INFOPLIST_KEY_UIApplicationSceneManifest_Generation = YES;
				INFOPLIST_KEY_UIApplicationSupportsIndirectInputEvents = YES;
				INFOPLIST_KEY_UILaunchScreen_Generation = YES;
				INFOPLIST_KEY_UISupportedInterfaceOrientations_iPad = "UIInterfaceOrientationPortrait UIInterfaceOrientationPortraitUpsideDown UIInterfaceOrientationLandscapeLeft UIInterfaceOrientationLandscapeRight";
				INFOPLIST_KEY_UISupportedInterfaceOrientations_iPhone = "UIInterfaceOrientationPortrait UIInterfaceOrientationLandscapeLeft UIInterfaceOrientationLandscapeRight";
				LD_RUNPATH_SEARCH_PATHS = (
					"$(inherited)",
					"@executable_path/Frameworks",
				);
				MARKETING_VERSION = 1.0;
				PRODUCT_BUNDLE_IDENTIFIER = "com.scotteg.RxSwift-SwiftUI";
				PRODUCT_NAME = "$(TARGET_NAME)";
				SWIFT_EMIT_LOC_STRINGS = YES;
				SWIFT_VERSION = 5.0;
				TARGETED_DEVICE_FAMILY = "1,2";
			};
			name = Release;
		};
		D2B2B52B2C4D5E0C00AADF07 /* Debug */ = {
			isa = XCBuildConfiguration;
			buildSettings = {
				ALWAYS_EMBED_SWIFT_STANDARD_LIBRARIES = YES;
				BUNDLE_LOADER = "$(TEST_HOST)";
				CODE_SIGN_STYLE = Automatic;
				CURRENT_PROJECT_VERSION = 1;
				DEVELOPMENT_TEAM = CXMN9KCTRT;
				GENERATE_INFOPLIST_FILE = YES;
				IPHONEOS_DEPLOYMENT_TARGET = 17.5;
				MARKETING_VERSION = 1.0;
				PRODUCT_BUNDLE_IDENTIFIER = "com.scotteg.RxSwift-SwiftUITests";
				PRODUCT_NAME = "$(TARGET_NAME)";
				SWIFT_EMIT_LOC_STRINGS = NO;
				SWIFT_VERSION = 5.0;
				TARGETED_DEVICE_FAMILY = "1,2";
				TEST_HOST = "$(BUILT_PRODUCTS_DIR)/RxSwift+SwiftUI.app/$(BUNDLE_EXECUTABLE_FOLDER_PATH)/RxSwift+SwiftUI";
			};
			name = Debug;
		};
		D2B2B52C2C4D5E0C00AADF07 /* Release */ = {
			isa = XCBuildConfiguration;
			buildSettings = {
				ALWAYS_EMBED_SWIFT_STANDARD_LIBRARIES = YES;
				BUNDLE_LOADER = "$(TEST_HOST)";
				CODE_SIGN_STYLE = Automatic;
				CURRENT_PROJECT_VERSION = 1;
				DEVELOPMENT_TEAM = CXMN9KCTRT;
				GENERATE_INFOPLIST_FILE = YES;
				IPHONEOS_DEPLOYMENT_TARGET = 17.5;
				MARKETING_VERSION = 1.0;
				PRODUCT_BUNDLE_IDENTIFIER = "com.scotteg.RxSwift-SwiftUITests";
				PRODUCT_NAME = "$(TARGET_NAME)";
				SWIFT_EMIT_LOC_STRINGS = NO;
				SWIFT_VERSION = 5.0;
				TARGETED_DEVICE_FAMILY = "1,2";
				TEST_HOST = "$(BUILT_PRODUCTS_DIR)/RxSwift+SwiftUI.app/$(BUNDLE_EXECUTABLE_FOLDER_PATH)/RxSwift+SwiftUI";
			};
			name = Release;
		};
		D2B2B52E2C4D5E0C00AADF07 /* Debug */ = {
			isa = XCBuildConfiguration;
			buildSettings = {
				ALWAYS_EMBED_SWIFT_STANDARD_LIBRARIES = YES;
				CODE_SIGN_STYLE = Automatic;
				CURRENT_PROJECT_VERSION = 1;
				DEVELOPMENT_TEAM = CXMN9KCTRT;
				GENERATE_INFOPLIST_FILE = YES;
				MARKETING_VERSION = 1.0;
				PRODUCT_BUNDLE_IDENTIFIER = "com.scotteg.RxSwift-SwiftUIUITests";
				PRODUCT_NAME = "$(TARGET_NAME)";
				SWIFT_EMIT_LOC_STRINGS = NO;
				SWIFT_VERSION = 5.0;
				TARGETED_DEVICE_FAMILY = "1,2";
				TEST_TARGET_NAME = "RxSwift+SwiftUI";
			};
			name = Debug;
		};
		D2B2B52F2C4D5E0C00AADF07 /* Release */ = {
			isa = XCBuildConfiguration;
			buildSettings = {
				ALWAYS_EMBED_SWIFT_STANDARD_LIBRARIES = YES;
				CODE_SIGN_STYLE = Automatic;
				CURRENT_PROJECT_VERSION = 1;
				DEVELOPMENT_TEAM = CXMN9KCTRT;
				GENERATE_INFOPLIST_FILE = YES;
				MARKETING_VERSION = 1.0;
				PRODUCT_BUNDLE_IDENTIFIER = "com.scotteg.RxSwift-SwiftUIUITests";
				PRODUCT_NAME = "$(TARGET_NAME)";
				SWIFT_EMIT_LOC_STRINGS = NO;
				SWIFT_VERSION = 5.0;
				TARGETED_DEVICE_FAMILY = "1,2";
				TEST_TARGET_NAME = "RxSwift+SwiftUI";
			};
			name = Release;
		};
/* End XCBuildConfiguration section */

/* Begin XCConfigurationList section */
		D2B2B4FE2C4D5E0B00AADF07 /* Build configuration list for PBXProject "RxSwift+SwiftUI" */ = {
			isa = XCConfigurationList;
			buildConfigurations = (
				D2B2B5252C4D5E0C00AADF07 /* Debug */,
				D2B2B5262C4D5E0C00AADF07 /* Release */,
			);
			defaultConfigurationIsVisible = 0;
			defaultConfigurationName = Release;
		};
		D2B2B5272C4D5E0C00AADF07 /* Build configuration list for PBXNativeTarget "RxSwift+SwiftUI" */ = {
			isa = XCConfigurationList;
			buildConfigurations = (
				D2B2B5282C4D5E0C00AADF07 /* Debug */,
				D2B2B5292C4D5E0C00AADF07 /* Release */,
			);
			defaultConfigurationIsVisible = 0;
			defaultConfigurationName = Release;
		};
		D2B2B52A2C4D5E0C00AADF07 /* Build configuration list for PBXNativeTarget "RxSwift+SwiftUITests" */ = {
			isa = XCConfigurationList;
			buildConfigurations = (
				D2B2B52B2C4D5E0C00AADF07 /* Debug */,
				D2B2B52C2C4D5E0C00AADF07 /* Release */,
			);
			defaultConfigurationIsVisible = 0;
			defaultConfigurationName = Release;
		};
		D2B2B52D2C4D5E0C00AADF07 /* Build configuration list for PBXNativeTarget "RxSwift+SwiftUIUITests" */ = {
			isa = XCConfigurationList;
			buildConfigurations = (
				D2B2B52E2C4D5E0C00AADF07 /* Debug */,
				D2B2B52F2C4D5E0C00AADF07 /* Release */,
			);
			defaultConfigurationIsVisible = 0;
			defaultConfigurationName = Release;
		};
/* End XCConfigurationList section */
	};
	rootObject = D2B2B4FB2C4D5E0B00AADF07 /* Project object */;
}
